{
  "nodes": {
    "gif-player": {
      "inputs": {
        "nixpkgs": [
          "nixpkgs"
        ]
      },
      "locked": {
        "lastModified": 1785805952,
        "narHash": "sha256-CfUZD948sPTRSW8gxZ1oRPW2c+zsAKkHDA9sbtj8ots=",
        "owner": "madebycli",
        "repo": "GIF-Player",
        "rev": "2906e22a0894e2688513c6d6f32bcffda69e8498",
        "type": "github"
      },
      "original": {
        "owner": "madebycli",
        "repo": "GIF-Player",
        "rev": "2906e22a0894e2688513c6d6f32bcffda69e8498",
        "type": "github"
      }
    },
    "nixpkgs": {
      "locked": {
        "lastModified": 1785571196,
        "narHash": "sha256-KoTsyMQqnXQZq8deCEnu4QkyldkwH/bpMMhUcfMdGIw=",
        "owner": "NixOS",
        "repo": "nixpkgs",
        "rev": "148bab9c1c3c53136ecb44a6ea356a0ed5b39b06",
        "type": "github"
      },
      "original": {
        "owner": "NixOS",
        "ref": "nixos-unstable",
        "repo": "nixpkgs",
        "type": "github"
      }
    },
    "pipes": {
      "inputs": {
        "nixpkgs": [
          "nixpkgs"
        ]
      },
      "locked": {
        "lastModified": 1785805979,
        "narHash": "sha256-Gw4SSzDofR/jZTpgaZXwYJ5UzFC/3Lt3KjaZCoVq35c=",
        "owner": "madebycli",
        "repo": "Pipes",
        "rev": "cd6658214020cba58fb6246363fa0847afdf008c",
        "type": "github"
      },
      "original": {
        "owner": "madebycli",
        "repo": "Pipes",
        "rev": "cd6658214020cba58fb6246363fa0847afdf008c",
        "type": "github"
      }
    },
    "root": {
      "inputs": {
        "gif-player": "gif-player",
        "nixpkgs": "nixpkgs",
        "pipes": "pipes",
        "sakura": "sakura",
        "twintail-nix": "twintail-nix"
      }
    },
    "sakura": {
      "inputs": {
        "nixpkgs": [
          "nixpkgs"
        ]
      },
      "locked": {
        "lastModified": 1785805967,
        "narHash": "sha256-SVHSb4GdEPUA3Gu1GFgYCZ1YbSMYTEdTuecTE7g99z4=",
        "owner": "madebycli",
        "repo": "sakura",
        "rev": "4206e9dcbcebf24b33e9a0f396a95bf0ff44fb81",
        "type": "github"
      },
      "original": {
        "owner": "madebycli",
        "repo": "sakura",
        "rev": "4206e9dcbcebf24b33e9a0f396a95bf0ff44fb81",
        "type": "github"
      }
    },
    "twintail-nix": {
      "inputs": {
        "nixpkgs": [
          "nixpkgs"
        ],
        "twintail_x86_64": "twintail_x86_64"
      },
      "locked": {
        "lastModified": 1785807894,
        "narHash": "sha256-U9HjSo5pq4XyJlW8b55/Ml71LcWmSYVXKkXVTsUyZ5M=",
        "owner": "madebycli",
        "repo": "twintail-nix",
        "rev": "aa583a567a712553769beed96511f6c323c2af84",
        "type": "github"
      },
      "original": {
        "owner": "madebycli",
        "repo": "twintail-nix",
        "rev": "aa583a567a712553769beed96511f6c323c2af84",
        "type": "github"
      }
    },
    "twintail_x86_64": {
      "flake": false,
      "locked": {
        "narHash": "sha256-4OY+2X8N/0EuPUODDqOipmF4NfjezQ35IpYeMswBkOo=",
        "type": "file",
        "url": "https://github.com/TwintailTeam/TwintailLauncher/releases/download/ttl-v2.4.0/twintaillauncher_2.4.0_amd64.deb"
      },
      "original": {
        "type": "file",
        "url": "https://github.com/TwintailTeam/TwintailLauncher/releases/download/ttl-v2.4.0/twintaillauncher_2.4.0_amd64.deb"
      }
    }
  },
  "root": "root",
  "version": 7
}
