{
  "nodes": {
    "gif-player": {
      "inputs": {
        "nixpkgs": [
          "nixpkgs"
        ]
      },
      "locked": {
        "lastModified": 1785860784,
        "narHash": "sha256-dy2Ko7ZooDTUT7/Xf8YaOL78GGNu0NuklN+z0Osyqzg=",
        "owner": "madebycli",
        "repo": "GIF-Player",
        "rev": "785729d1245b6b9a64ee42804ed720fdc6777dc7",
        "type": "github"
      },
      "original": {
        "owner": "madebycli",
        "repo": "GIF-Player",
        "rev": "785729d1245b6b9a64ee42804ed720fdc6777dc7",
        "type": "github"
      }
    },
    "git-backup": {
      "inputs": {
        "nixpkgs": [
          "nixpkgs"
        ]
      },
      "locked": {
        "lastModified": 1786018448,
        "narHash": "sha256-QXxcQFkpH9KDkTqtFzw0wSZm2GRlddq7dN3FYFCc0dk=",
        "owner": "madebycli",
        "repo": "git-backup",
        "rev": "3342c530901d713027ecd36b8341ff4ef6f50add",
        "type": "github"
      },
      "original": {
        "owner": "madebycli",
        "repo": "git-backup",
        "rev": "3342c530901d713027ecd36b8341ff4ef6f50add",
        "type": "github"
      }
    },
    "helium-nix": {
      "inputs": {
        "nixpkgs": [
          "nixpkgs"
        ]
      },
      "locked": {
        "lastModified": 1786014399,
        "narHash": "sha256-pqf/lPQgCG//RR4VOc634W3M5m3Cws0p352vBJWFlPw=",
        "owner": "madebycli",
        "repo": "helium-nix",
        "rev": "cbf8f7fe59de32457f1742553c7ae0117e278f17",
        "type": "github"
      },
      "original": {
        "owner": "madebycli",
        "repo": "helium-nix",
        "type": "github"
      }
    },
    "nixpkgs": {
      "locked": {
        "lastModified": 1785571196,
        "narHash": "sha256-KoTsyMQqnXQZq8deCEnu4QkyldkwH/bpMMhUcfMdGIw=",
        "owner": "NixOS",
        "repo": "nixpkgs",
        "rev": "148bab9c1c3c53136ecb44a6ea356a0ed5b39b06",
        "type": "github"
      },
      "original": {
        "owner": "NixOS",
        "ref": "nixos-unstable",
        "repo": "nixpkgs",
        "type": "github"
      }
    },
    "pipes": {
      "inputs": {
        "nixpkgs": [
          "nixpkgs"
        ]
      },
      "locked": {
        "lastModified": 1785860808,
        "narHash": "sha256-6A0cOFxZE48Fln8aZeBVJ81tKqEhqendmuft4fts1Bk=",
        "owner": "madebycli",
        "repo": "Pipes",
        "rev": "7afaa691bac592eadc1302a1ce2e55f586a0196f",
        "type": "github"
      },
      "original": {
        "owner": "madebycli",
        "repo": "Pipes",
        "rev": "7afaa691bac592eadc1302a1ce2e55f586a0196f",
        "type": "github"
      }
    },
    "root": {
      "inputs": {
        "gif-player": "gif-player",
        "git-backup": "git-backup",
        "helium-nix": "helium-nix",
        "nixpkgs": "nixpkgs",
        "pipes": "pipes",
        "sakura": "sakura",
        "twintail-nix": "twintail-nix"
      }
    },
    "sakura": {
      "inputs": {
        "nixpkgs": [
          "nixpkgs"
        ]
      },
      "locked": {
        "lastModified": 1785860795,
        "narHash": "sha256-AWe8IT3JIlmzvvd7pPIdG+cDes5eQ9QGSUAYmB032Bg=",
        "owner": "madebycli",
        "repo": "sakura",
        "rev": "e7d2b08b95df9254e08c70c2325a9d33c7e6fe55",
        "type": "github"
      },
      "original": {
        "owner": "madebycli",
        "repo": "sakura",
        "rev": "e7d2b08b95df9254e08c70c2325a9d33c7e6fe55",
        "type": "github"
      }
    },
    "twintail-nix": {
      "inputs": {
        "nixpkgs": [
          "nixpkgs"
        ],
        "twintail_x86_64": "twintail_x86_64"
      },
      "locked": {
        "lastModified": 1785871305,
        "narHash": "sha256-MwNNGHAfTol6W7zhENHTayIqvhg/U5PSS8bjr5f29GM=",
        "owner": "madebycli",
        "repo": "twintail-nix",
        "rev": "d1fef88ee5a726f4ed2ac6fd86ba73b0ca9d8823",
        "type": "github"
      },
      "original": {
        "owner": "madebycli",
        "repo": "twintail-nix",
        "type": "github"
      }
    },
    "twintail_x86_64": {
      "flake": false,
      "locked": {
        "narHash": "sha256-4OY+2X8N/0EuPUODDqOipmF4NfjezQ35IpYeMswBkOo=",
        "type": "file",
        "url": "https://github.com/TwintailTeam/TwintailLauncher/releases/download/ttl-v2.4.0/twintaillauncher_2.4.0_amd64.deb"
      },
      "original": {
        "type": "file",
        "url": "https://github.com/TwintailTeam/TwintailLauncher/releases/download/ttl-v2.4.0/twintaillauncher_2.4.0_amd64.deb"
      }
    }
  },
  "root": "root",
  "version": 7
}
